
Microsoft Visual Studio Solution File, Format Version 12.00
# Visual Studio Version 17
VisualStudioVersion = 17.5.33516.290
MinimumVisualStudioVersion = 10.0.40219.1
Project("{888888A0-9F3D-457C-B088-3A5042F75D52}") = "UsomKontrol", "UsomKontrol.pyproj", "{ED3B056B-2B41-470B-B901-A8109AB05D24}"
EndProject
Global
	GlobalSection(SolutionConfigurationPlatforms) = preSolution
		Debug|Any CPU = Debug|Any CPU
		Release|Any CPU = Release|Any CPU
	EndGlobalSection
	GlobalSection(ProjectConfigurationPlatforms) = postSolution
		{ED3B056B-2B41-470B-B901-A8109AB05D24}.Debug|Any CPU.ActiveCfg = Debug|Any CPU
		{ED3B056B-2B41-470B-B901-A8109AB05D24}.Release|Any CPU.ActiveCfg = Release|Any CPU
	EndGlobalSection
	GlobalSection(SolutionProperties) = preSolution
		HideSolutionNode = FALSE
	EndGlobalSection
	GlobalSection(ExtensibilityGlobals) = postSolution
		SolutionGuid = {BC993AC4-45E5-4251-B44B-7A377A1D98D6}
	EndGlobalSection
EndGlobal
